// !$*UTF8*$!
{
	archiveVersion = 1;
	classes = {
	};
	objectVersion = 56;
	objects = {

/* Begin PBXBuildFile section */
		C2A2A23D2B6A2C5C009F5DB6 /* AppDelegate.swift in Sources */ = {isa = PBXBuildFile; fileRef = C2A2A23C2B6A2C5C009F5DB6 /* AppDelegate.swift */; };
		C2A2A23F2B6A2C5C009F5DB6 /* SceneDelegate.swift in Sources */ = {isa = PBXBuildFile; fileRef = C2A2A23E2B6A2C5C009F5DB6 /* SceneDelegate.swift */; };
		C2A2A2412B6A2C5C009F5DB6 /* ViewController.swift in Sources */ = {isa = PBXBuildFile; fileRef = C2A2A2402B6A2C5C009F5DB6 /* ViewController.swift */; };
		C2A2A2442B6A2C5C009F5DB6 /* Main.storyboard in Resources */ = {isa = PBXBuildFile; fileRef = C2A2A2422B6A2C5C009F5DB6 /* Main.storyboard */; };
		C2A2A2462B6A2C60009F5DB6 /* Assets.xcassets in Resources */ = {isa = PBXBuildFile; fileRef = C2A2A2452B6A2C60009F5DB6 /* Assets.xcassets */; };
		C2A2A2492B6A2C60009F5DB6 /* LaunchScreen.storyboard in Resources */ = {isa = PBXBuildFile; fileRef = C2A2A2472B6A2C60009F5DB6 /* LaunchScreen.storyboard */; };
		C2A2A2542B6A2C61009F5DB6 /* DataPassingInCleanSwiftTests.swift in Sources */ = {isa = PBXBuildFile; fileRef = C2A2A2532B6A2C61009F5DB6 /* DataPassingInCleanSwiftTests.swift */; };
		C2A2A25E2B6A2C61009F5DB6 /* DataPassingInCleanSwiftUITests.swift in Sources */ = {isa = PBXBuildFile; fileRef = C2A2A25D2B6A2C61009F5DB6 /* DataPassingInCleanSwiftUITests.swift */; };
		C2A2A2602B6A2C61009F5DB6 /* DataPassingInCleanSwiftUITestsLaunchTests.swift in Sources */ = {isa = PBXBuildFile; fileRef = C2A2A25F2B6A2C61009F5DB6 /* DataPassingInCleanSwiftUITestsLaunchTests.swift */; };
		C2A2A2832B6CF16F009F5DB6 /* ParentPresenter.swift in Sources */ = {isa = PBXBuildFile; fileRef = C2A2A27D2B6CF16F009F5DB6 /* ParentPresenter.swift */; };
		C2A2A2842B6CF16F009F5DB6 /* ParentWorker.swift in Sources */ = {isa = PBXBuildFile; fileRef = C2A2A27E2B6CF16F009F5DB6 /* ParentWorker.swift */; };
		C2A2A2852B6CF16F009F5DB6 /* ParentRouter.swift in Sources */ = {isa = PBXBuildFile; fileRef = C2A2A27F2B6CF16F009F5DB6 /* ParentRouter.swift */; };
		C2A2A2862B6CF16F009F5DB6 /* ParentModels.swift in Sources */ = {isa = PBXBuildFile; fileRef = C2A2A2802B6CF16F009F5DB6 /* ParentModels.swift */; };
		C2A2A2872B6CF16F009F5DB6 /* ParentViewController.swift in Sources */ = {isa = PBXBuildFile; fileRef = C2A2A2812B6CF16F009F5DB6 /* ParentViewController.swift */; };
		C2A2A2882B6CF16F009F5DB6 /* ParentInteractor.swift in Sources */ = {isa = PBXBuildFile; fileRef = C2A2A2822B6CF16F009F5DB6 /* ParentInteractor.swift */; };
		C2A2A2902B6CF1A9009F5DB6 /* ChildPresenter.swift in Sources */ = {isa = PBXBuildFile; fileRef = C2A2A28A2B6CF1A9009F5DB6 /* ChildPresenter.swift */; };
		C2A2A2912B6CF1A9009F5DB6 /* ChildWorker.swift in Sources */ = {isa = PBXBuildFile; fileRef = C2A2A28B2B6CF1A9009F5DB6 /* ChildWorker.swift */; };
		C2A2A2922B6CF1A9009F5DB6 /* ChildRouter.swift in Sources */ = {isa = PBXBuildFile; fileRef = C2A2A28C2B6CF1A9009F5DB6 /* ChildRouter.swift */; };
		C2A2A2932B6CF1A9009F5DB6 /* ChildModels.swift in Sources */ = {isa = PBXBuildFile; fileRef = C2A2A28D2B6CF1A9009F5DB6 /* ChildModels.swift */; };
		C2A2A2942B6CF1A9009F5DB6 /* ChildViewController.swift in Sources */ = {isa = PBXBuildFile; fileRef = C2A2A28E2B6CF1A9009F5DB6 /* ChildViewController.swift */; };
		C2A2A2952B6CF1A9009F5DB6 /* ChildInteractor.swift in Sources */ = {isa = PBXBuildFile; fileRef = C2A2A28F2B6CF1A9009F5DB6 /* ChildInteractor.swift */; };
/* End PBXBuildFile section */

/* Begin PBXContainerItemProxy section */
		C2A2A2502B6A2C61009F5DB6 /* PBXContainerItemProxy */ = {
			isa = PBXContainerItemProxy;
			containerPortal = C2A2A2312B6A2C5C009F5DB6 /* Project object */;
			proxyType = 1;
			remoteGlobalIDString = C2A2A2382B6A2C5C009F5DB6;
			remoteInfo = DataPassingInCleanSwift;
		};
		C2A2A25A2B6A2C61009F5DB6 /* PBXContainerItemProxy */ = {
			isa = PBXContainerItemProxy;
			containerPortal = C2A2A2312B6A2C5C009F5DB6 /* Project object */;
			proxyType = 1;
			remoteGlobalIDString = C2A2A2382B6A2C5C009F5DB6;
			remoteInfo = DataPassingInCleanSwift;
		};
/* End PBXContainerItemProxy section */

/* Begin PBXFileReference section */
		C2A2A2392B6A2C5C009F5DB6 /* DataPassingInCleanSwift.app */ = {isa = PBXFileReference; explicitFileType = wrapper.application; includeInIndex = 0; path = DataPassingInCleanSwift.app; sourceTree = BUILT_PRODUCTS_DIR; };
		C2A2A23C2B6A2C5C009F5DB6 /* AppDelegate.swift */ = {isa = PBXFileReference; lastKnownFileType = sourcecode.swift; path = AppDelegate.swift; sourceTree = "<group>"; };
		C2A2A23E2B6A2C5C009F5DB6 /* SceneDelegate.swift */ = {isa = PBXFileReference; lastKnownFileType = sourcecode.swift; path = SceneDelegate.swift; sourceTree = "<group>"; };
		C2A2A2402B6A2C5C009F5DB6 /* ViewController.swift */ = {isa = PBXFileReference; lastKnownFileType = sourcecode.swift; path = ViewController.swift; sourceTree = "<group>"; };
		C2A2A2432B6A2C5C009F5DB6 /* Base */ = {isa = PBXFileReference; lastKnownFileType = file.storyboard; name = Base; path = Base.lproj/Main.storyboard; sourceTree = "<group>"; };
		C2A2A2452B6A2C60009F5DB6 /* Assets.xcassets */ = {isa = PBXFileReference; lastKnownFileType = folder.assetcatalog; path = Assets.xcassets; sourceTree = "<group>"; };
		C2A2A2482B6A2C60009F5DB6 /* Base */ = {isa = PBXFileReference; lastKnownFileType = file.storyboard; name = Base; path = Base.lproj/LaunchScreen.storyboard; sourceTree = "<group>"; };
		C2A2A24A2B6A2C60009F5DB6 /* Info.plist */ = {isa = PBXFileReference; lastKnownFileType = text.plist.xml; path = Info.plist; sourceTree = "<group>"; };
		C2A2A24F2B6A2C61009F5DB6 /* DataPassingInCleanSwiftTests.xctest */ = {isa = PBXFileReference; explicitFileType = wrapper.cfbundle; includeInIndex = 0; path = DataPassingInCleanSwiftTests.xctest; sourceTree = BUILT_PRODUCTS_DIR; };
		C2A2A2532B6A2C61009F5DB6 /* DataPassingInCleanSwiftTests.swift */ = {isa = PBXFileReference; lastKnownFileType = sourcecode.swift; path = DataPassingInCleanSwiftTests.swift; sourceTree = "<group>"; };
		C2A2A2592B6A2C61009F5DB6 /* DataPassingInCleanSwiftUITests.xctest */ = {isa = PBXFileReference; explicitFileType = wrapper.cfbundle; includeInIndex = 0; path = DataPassingInCleanSwiftUITests.xctest; sourceTree = BUILT_PRODUCTS_DIR; };
		C2A2A25D2B6A2C61009F5DB6 /* DataPassingInCleanSwiftUITests.swift */ = {isa = PBXFileReference; lastKnownFileType = sourcecode.swift; path = DataPassingInCleanSwiftUITests.swift; sourceTree = "<group>"; };
		C2A2A25F2B6A2C61009F5DB6 /* DataPassingInCleanSwiftUITestsLaunchTests.swift */ = {isa = PBXFileReference; lastKnownFileType = sourcecode.swift; path = DataPassingInCleanSwiftUITestsLaunchTests.swift; sourceTree = "<group>"; };
		C2A2A27D2B6CF16F009F5DB6 /* ParentPresenter.swift */ = {isa = PBXFileReference; lastKnownFileType = sourcecode.swift; path = ParentPresenter.swift; sourceTree = "<group>"; };
		C2A2A27E2B6CF16F009F5DB6 /* ParentWorker.swift */ = {isa = PBXFileReference; lastKnownFileType = sourcecode.swift; path = ParentWorker.swift; sourceTree = "<group>"; };
		C2A2A27F2B6CF16F009F5DB6 /* ParentRouter.swift */ = {isa = PBXFileReference; lastKnownFileType = sourcecode.swift; path = ParentRouter.swift; sourceTree = "<group>"; };
		C2A2A2802B6CF16F009F5DB6 /* ParentModels.swift */ = {isa = PBXFileReference; lastKnownFileType = sourcecode.swift; path = ParentModels.swift; sourceTree = "<group>"; };
		C2A2A2812B6CF16F009F5DB6 /* ParentViewController.swift */ = {isa = PBXFileReference; lastKnownFileType = sourcecode.swift; path = ParentViewController.swift; sourceTree = "<group>"; };
		C2A2A2822B6CF16F009F5DB6 /* ParentInteractor.swift */ = {isa = PBXFileReference; lastKnownFileType = sourcecode.swift; path = ParentInteractor.swift; sourceTree = "<group>"; };
		C2A2A28A2B6CF1A9009F5DB6 /* ChildPresenter.swift */ = {isa = PBXFileReference; lastKnownFileType = sourcecode.swift; path = ChildPresenter.swift; sourceTree = "<group>"; };
		C2A2A28B2B6CF1A9009F5DB6 /* ChildWorker.swift */ = {isa = PBXFileReference; lastKnownFileType = sourcecode.swift; path = ChildWorker.swift; sourceTree = "<group>"; };
		C2A2A28C2B6CF1A9009F5DB6 /* ChildRouter.swift */ = {isa = PBXFileReference; lastKnownFileType = sourcecode.swift; path = ChildRouter.swift; sourceTree = "<group>"; };
		C2A2A28D2B6CF1A9009F5DB6 /* ChildModels.swift */ = {isa = PBXFileReference; lastKnownFileType = sourcecode.swift; path = ChildModels.swift; sourceTree = "<group>"; };
		C2A2A28E2B6CF1A9009F5DB6 /* ChildViewController.swift */ = {isa = PBXFileReference; lastKnownFileType = sourcecode.swift; path = ChildViewController.swift; sourceTree = "<group>"; };
		C2A2A28F2B6CF1A9009F5DB6 /* ChildInteractor.swift */ = {isa = PBXFileReference; lastKnownFileType = sourcecode.swift; path = ChildInteractor.swift; sourceTree = "<group>"; };
/* End PBXFileReference section */

/* Begin PBXFrameworksBuildPhase section */
		C2A2A2362B6A2C5C009F5DB6 /* Frameworks */ = {
			isa = PBXFrameworksBuildPhase;
			buildActionMask = 2147483647;
			files = (
			);
			runOnlyForDeploymentPostprocessing = 0;
		};
		C2A2A24C2B6A2C61009F5DB6 /* Frameworks */ = {
			isa = PBXFrameworksBuildPhase;
			buildActionMask = 2147483647;
			files = (
			);
			runOnlyForDeploymentPostprocessing = 0;
		};
		C2A2A2562B6A2C61009F5DB6 /* Frameworks */ = {
			isa = PBXFrameworksBuildPhase;
			buildActionMask = 2147483647;
			files = (
			);
			runOnlyForDeploymentPostprocessing = 0;
		};
/* End PBXFrameworksBuildPhase section */

/* Begin PBXGroup section */
		C2A2A2302B6A2C5C009F5DB6 = {
			isa = PBXGroup;
			children = (
				C2A2A23B2B6A2C5C009F5DB6 /* DataPassingInCleanSwift */,
				C2A2A2522B6A2C61009F5DB6 /* DataPassingInCleanSwiftTests */,
				C2A2A25C2B6A2C61009F5DB6 /* DataPassingInCleanSwiftUITests */,
				C2A2A23A2B6A2C5C009F5DB6 /* Products */,
			);
			sourceTree = "<group>";
		};
		C2A2A23A2B6A2C5C009F5DB6 /* Products */ = {
			isa = PBXGroup;
			children = (
				C2A2A2392B6A2C5C009F5DB6 /* DataPassingInCleanSwift.app */,
				C2A2A24F2B6A2C61009F5DB6 /* DataPassingInCleanSwiftTests.xctest */,
				C2A2A2592B6A2C61009F5DB6 /* DataPassingInCleanSwiftUITests.xctest */,
			);
			name = Products;
			sourceTree = "<group>";
		};
		C2A2A23B2B6A2C5C009F5DB6 /* DataPassingInCleanSwift */ = {
			isa = PBXGroup;
			children = (
				C2A2A26E2B6CF079009F5DB6 /* Delegates */,
				C2A2A26D2B6CF056009F5DB6 /* Scenes */,
				C2A2A26C2B6CF04C009F5DB6 /* Views */,
				C2A2A2402B6A2C5C009F5DB6 /* ViewController.swift */,
				C2A2A2452B6A2C60009F5DB6 /* Assets.xcassets */,
				C2A2A24A2B6A2C60009F5DB6 /* Info.plist */,
			);
			path = DataPassingInCleanSwift;
			sourceTree = "<group>";
		};
		C2A2A2522B6A2C61009F5DB6 /* DataPassingInCleanSwiftTests */ = {
			isa = PBXGroup;
			children = (
				C2A2A2532B6A2C61009F5DB6 /* DataPassingInCleanSwiftTests.swift */,
			);
			path = DataPassingInCleanSwiftTests;
			sourceTree = "<group>";
		};
		C2A2A25C2B6A2C61009F5DB6 /* DataPassingInCleanSwiftUITests */ = {
			isa = PBXGroup;
			children = (
				C2A2A25D2B6A2C61009F5DB6 /* DataPassingInCleanSwiftUITests.swift */,
				C2A2A25F2B6A2C61009F5DB6 /* DataPassingInCleanSwiftUITestsLaunchTests.swift */,
			);
			path = DataPassingInCleanSwiftUITests;
			sourceTree = "<group>";
		};
		C2A2A26C2B6CF04C009F5DB6 /* Views */ = {
			isa = PBXGroup;
			children = (
				C2A2A2472B6A2C60009F5DB6 /* LaunchScreen.storyboard */,
				C2A2A2422B6A2C5C009F5DB6 /* Main.storyboard */,
			);
			path = Views;
			sourceTree = "<group>";
		};
		C2A2A26D2B6CF056009F5DB6 /* Scenes */ = {
			isa = PBXGroup;
			children = (
				C2A2A27C2B6CF152009F5DB6 /* Parent */,
				C2A2A2892B6CF181009F5DB6 /* Child */,
			);
			path = Scenes;
			sourceTree = "<group>";
		};
		C2A2A26E2B6CF079009F5DB6 /* Delegates */ = {
			isa = PBXGroup;
			children = (
				C2A2A23C2B6A2C5C009F5DB6 /* AppDelegate.swift */,
				C2A2A23E2B6A2C5C009F5DB6 /* SceneDelegate.swift */,
			);
			path = Delegates;
			sourceTree = "<group>";
		};
		C2A2A27C2B6CF152009F5DB6 /* Parent */ = {
			isa = PBXGroup;
			children = (
				C2A2A27D2B6CF16F009F5DB6 /* ParentPresenter.swift */,
				C2A2A27E2B6CF16F009F5DB6 /* ParentWorker.swift */,
				C2A2A27F2B6CF16F009F5DB6 /* ParentRouter.swift */,
				C2A2A2802B6CF16F009F5DB6 /* ParentModels.swift */,
				C2A2A2812B6CF16F009F5DB6 /* ParentViewController.swift */,
				C2A2A2822B6CF16F009F5DB6 /* ParentInteractor.swift */,
			);
			path = Parent;
			sourceTree = "<group>";
		};
		C2A2A2892B6CF181009F5DB6 /* Child */ = {
			isa = PBXGroup;
			children = (
				C2A2A28A2B6CF1A9009F5DB6 /* ChildPresenter.swift */,
				C2A2A28B2B6CF1A9009F5DB6 /* ChildWorker.swift */,
				C2A2A28C2B6CF1A9009F5DB6 /* ChildRouter.swift */,
				C2A2A28D2B6CF1A9009F5DB6 /* ChildModels.swift */,
				C2A2A28E2B6CF1A9009F5DB6 /* ChildViewController.swift */,
				C2A2A28F2B6CF1A9009F5DB6 /* ChildInteractor.swift */,
			);
			path = Child;
			sourceTree = "<group>";
		};
/* End PBXGroup section */

/* Begin PBXNativeTarget section */
		C2A2A2382B6A2C5C009F5DB6 /* DataPassingInCleanSwift */ = {
			isa = PBXNativeTarget;
			buildConfigurationList = C2A2A2632B6A2C61009F5DB6 /* Build configuration list for PBXNativeTarget "DataPassingInCleanSwift" */;
			buildPhases = (
				C2A2A2352B6A2C5C009F5DB6 /* Sources */,
				C2A2A2362B6A2C5C009F5DB6 /* Frameworks */,
				C2A2A2372B6A2C5C009F5DB6 /* Resources */,
			);
			buildRules = (
			);
			dependencies = (
			);
			name = DataPassingInCleanSwift;
			productName = DataPassingInCleanSwift;
			productReference = C2A2A2392B6A2C5C009F5DB6 /* DataPassingInCleanSwift.app */;
			productType = "com.apple.product-type.application";
		};
		C2A2A24E2B6A2C61009F5DB6 /* DataPassingInCleanSwiftTests */ = {
			isa = PBXNativeTarget;
			buildConfigurationList = C2A2A2662B6A2C61009F5DB6 /* Build configuration list for PBXNativeTarget "DataPassingInCleanSwiftTests" */;
			buildPhases = (
				C2A2A24B2B6A2C61009F5DB6 /* Sources */,
				C2A2A24C2B6A2C61009F5DB6 /* Frameworks */,
				C2A2A24D2B6A2C61009F5DB6 /* Resources */,
			);
			buildRules = (
			);
			dependencies = (
				C2A2A2512B6A2C61009F5DB6 /* PBXTargetDependency */,
			);
			name = DataPassingInCleanSwiftTests;
			productName = DataPassingInCleanSwiftTests;
			productReference = C2A2A24F2B6A2C61009F5DB6 /* DataPassingInCleanSwiftTests.xctest */;
			productType = "com.apple.product-type.bundle.unit-test";
		};
		C2A2A2582B6A2C61009F5DB6 /* DataPassingInCleanSwiftUITests */ = {
			isa = PBXNativeTarget;
			buildConfigurationList = C2A2A2692B6A2C61009F5DB6 /* Build configuration list for PBXNativeTarget "DataPassingInCleanSwiftUITests" */;
			buildPhases = (
				C2A2A2552B6A2C61009F5DB6 /* Sources */,
				C2A2A2562B6A2C61009F5DB6 /* Frameworks */,
				C2A2A2572B6A2C61009F5DB6 /* Resources */,
			);
			buildRules = (
			);
			dependencies = (
				C2A2A25B2B6A2C61009F5DB6 /* PBXTargetDependency */,
			);
			name = DataPassingInCleanSwiftUITests;
			productName = DataPassingInCleanSwiftUITests;
			productReference = C2A2A2592B6A2C61009F5DB6 /* DataPassingInCleanSwiftUITests.xctest */;
			productType = "com.apple.product-type.bundle.ui-testing";
		};
/* End PBXNativeTarget section */

/* Begin PBXProject section */
		C2A2A2312B6A2C5C009F5DB6 /* Project object */ = {
			isa = PBXProject;
			attributes = {
				BuildIndependentTargetsInParallel = 1;
				LastSwiftUpdateCheck = 1510;
				LastUpgradeCheck = 1510;
				TargetAttributes = {
					C2A2A2382B6A2C5C009F5DB6 = {
						CreatedOnToolsVersion = 15.1;
					};
					C2A2A24E2B6A2C61009F5DB6 = {
						CreatedOnToolsVersion = 15.1;
						TestTargetID = C2A2A2382B6A2C5C009F5DB6;
					};
					C2A2A2582B6A2C61009F5DB6 = {
						CreatedOnToolsVersion = 15.1;
						TestTargetID = C2A2A2382B6A2C5C009F5DB6;
					};
				};
			};
			buildConfigurationList = C2A2A2342B6A2C5C009F5DB6 /* Build configuration list for PBXProject "DataPassingInCleanSwift" */;
			compatibilityVersion = "Xcode 14.0";
			developmentRegion = en;
			hasScannedForEncodings = 0;
			knownRegions = (
				en,
				Base,
			);
			mainGroup = C2A2A2302B6A2C5C009F5DB6;
			productRefGroup = C2A2A23A2B6A2C5C009F5DB6 /* Products */;
			projectDirPath = "";
			projectRoot = "";
			targets = (
				C2A2A2382B6A2C5C009F5DB6 /* DataPassingInCleanSwift */,
				C2A2A24E2B6A2C61009F5DB6 /* DataPassingInCleanSwiftTests */,
				C2A2A2582B6A2C61009F5DB6 /* DataPassingInCleanSwiftUITests */,
			);
		};
/* End PBXProject section */

/* Begin PBXResourcesBuildPhase section */
		C2A2A2372B6A2C5C009F5DB6 /* Resources */ = {
			isa = PBXResourcesBuildPhase;
			buildActionMask = 2147483647;
			files = (
				C2A2A2492B6A2C60009F5DB6 /* LaunchScreen.storyboard in Resources */,
				C2A2A2462B6A2C60009F5DB6 /* Assets.xcassets in Resources */,
				C2A2A2442B6A2C5C009F5DB6 /* Main.storyboard in Resources */,
			);
			runOnlyForDeploymentPostprocessing = 0;
		};
		C2A2A24D2B6A2C61009F5DB6 /* Resources */ = {
			isa = PBXResourcesBuildPhase;
			buildActionMask = 2147483647;
			files = (
			);
			runOnlyForDeploymentPostprocessing = 0;
		};
		C2A2A2572B6A2C61009F5DB6 /* Resources */ = {
			isa = PBXResourcesBuildPhase;
			buildActionMask = 2147483647;
			files = (
			);
			runOnlyForDeploymentPostprocessing = 0;
		};
/* End PBXResourcesBuildPhase section */

/* Begin PBXSourcesBuildPhase section */
		C2A2A2352B6A2C5C009F5DB6 /* Sources */ = {
			isa = PBXSourcesBuildPhase;
			buildActionMask = 2147483647;
			files = (
				C2A2A2862B6CF16F009F5DB6 /* ParentModels.swift in Sources */,
				C2A2A2922B6CF1A9009F5DB6 /* ChildRouter.swift in Sources */,
				C2A2A2412B6A2C5C009F5DB6 /* ViewController.swift in Sources */,
				C2A2A23D2B6A2C5C009F5DB6 /* AppDelegate.swift in Sources */,
				C2A2A2902B6CF1A9009F5DB6 /* ChildPresenter.swift in Sources */,
				C2A2A2932B6CF1A9009F5DB6 /* ChildModels.swift in Sources */,
				C2A2A2832B6CF16F009F5DB6 /* ParentPresenter.swift in Sources */,
				C2A2A2942B6CF1A9009F5DB6 /* ChildViewController.swift in Sources */,
				C2A2A2842B6CF16F009F5DB6 /* ParentWorker.swift in Sources */,
				C2A2A2852B6CF16F009F5DB6 /* ParentRouter.swift in Sources */,
				C2A2A2872B6CF16F009F5DB6 /* ParentViewController.swift in Sources */,
				C2A2A2952B6CF1A9009F5DB6 /* ChildInteractor.swift in Sources */,
				C2A2A2882B6CF16F009F5DB6 /* ParentInteractor.swift in Sources */,
				C2A2A23F2B6A2C5C009F5DB6 /* SceneDelegate.swift in Sources */,
				C2A2A2912B6CF1A9009F5DB6 /* ChildWorker.swift in Sources */,
			);
			runOnlyForDeploymentPostprocessing = 0;
		};
		C2A2A24B2B6A2C61009F5DB6 /* Sources */ = {
			isa = PBXSourcesBuildPhase;
			buildActionMask = 2147483647;
			files = (
				C2A2A2542B6A2C61009F5DB6 /* DataPassingInCleanSwiftTests.swift in Sources */,
			);
			runOnlyForDeploymentPostprocessing = 0;
		};
		C2A2A2552B6A2C61009F5DB6 /* Sources */ = {
			isa = PBXSourcesBuildPhase;
			buildActionMask = 2147483647;
			files = (
				C2A2A25E2B6A2C61009F5DB6 /* DataPassingInCleanSwiftUITests.swift in Sources */,
				C2A2A2602B6A2C61009F5DB6 /* DataPassingInCleanSwiftUITestsLaunchTests.swift in Sources */,
			);
			runOnlyForDeploymentPostprocessing = 0;
		};
/* End PBXSourcesBuildPhase section */

/* Begin PBXTargetDependency section */
		C2A2A2512B6A2C61009F5DB6 /* PBXTargetDependency */ = {
			isa = PBXTargetDependency;
			target = C2A2A2382B6A2C5C009F5DB6 /* DataPassingInCleanSwift */;
			targetProxy = C2A2A2502B6A2C61009F5DB6 /* PBXContainerItemProxy */;
		};
		C2A2A25B2B6A2C61009F5DB6 /* PBXTargetDependency */ = {
			isa = PBXTargetDependency;
			target = C2A2A2382B6A2C5C009F5DB6 /* DataPassingInCleanSwift */;
			targetProxy = C2A2A25A2B6A2C61009F5DB6 /* PBXContainerItemProxy */;
		};
/* End PBXTargetDependency section */

/* Begin PBXVariantGroup section */
		C2A2A2422B6A2C5C009F5DB6 /* Main.storyboard */ = {
			isa = PBXVariantGroup;
			children = (
				C2A2A2432B6A2C5C009F5DB6 /* Base */,
			);
			name = Main.storyboard;
			sourceTree = "<group>";
		};
		C2A2A2472B6A2C60009F5DB6 /* LaunchScreen.storyboard */ = {
			isa = PBXVariantGroup;
			children = (
				C2A2A2482B6A2C60009F5DB6 /* Base */,
			);
			name = LaunchScreen.storyboard;
			sourceTree = "<group>";
		};
/* End PBXVariantGroup section */

/* Begin XCBuildConfiguration section */
		C2A2A2612B6A2C61009F5DB6 /* Debug */ = {
			isa = XCBuildConfiguration;
			buildSettings = {
				ALWAYS_SEARCH_USER_PATHS = NO;
				ASSETCATALOG_COMPILER_GENERATE_SWIFT_ASSET_SYMBOL_EXTENSIONS = YES;
				CLANG_ANALYZER_NONNULL = YES;
				CLANG_ANALYZER_NUMBER_OBJECT_CONVERSION = YES_AGGRESSIVE;
				CLANG_CXX_LANGUAGE_STANDARD = "gnu++20";
				CLANG_ENABLE_MODULES = YES;
				CLANG_ENABLE_OBJC_ARC = YES;
				CLANG_ENABLE_OBJC_WEAK = YES;
				CLANG_WARN_BLOCK_CAPTURE_AUTORELEASING = YES;
				CLANG_WARN_BOOL_CONVERSION = YES;
				CLANG_WARN_COMMA = YES;
				CLANG_WARN_CONSTANT_CONVERSION = YES;
				CLANG_WARN_DEPRECATED_OBJC_IMPLEMENTATIONS = YES;
				CLANG_WARN_DIRECT_OBJC_ISA_USAGE = YES_ERROR;
				CLANG_WARN_DOCUMENTATION_COMMENTS = YES;
				CLANG_WARN_EMPTY_BODY = YES;
				CLANG_WARN_ENUM_CONVERSION = YES;
				CLANG_WARN_INFINITE_RECURSION = YES;
				CLANG_WARN_INT_CONVERSION = YES;
				CLANG_WARN_NON_LITERAL_NULL_CONVERSION = YES;
				CLANG_WARN_OBJC_IMPLICIT_RETAIN_SELF = YES;
				CLANG_WARN_OBJC_LITERAL_CONVERSION = YES;
				CLANG_WARN_OBJC_ROOT_CLASS = YES_ERROR;
				CLANG_WARN_QUOTED_INCLUDE_IN_FRAMEWORK_HEADER = YES;
				CLANG_WARN_RANGE_LOOP_ANALYSIS = YES;
				CLANG_WARN_STRICT_PROTOTYPES = YES;
				CLANG_WARN_SUSPICIOUS_MOVE = YES;
				CLANG_WARN_UNGUARDED_AVAILABILITY = YES_AGGRESSIVE;
				CLANG_WARN_UNREACHABLE_CODE = YES;
				CLANG_WARN__DUPLICATE_METHOD_MATCH = YES;
				COPY_PHASE_STRIP = NO;
				DEBUG_INFORMATION_FORMAT = dwarf;
				ENABLE_STRICT_OBJC_MSGSEND = YES;
				ENABLE_TESTABILITY = YES;
				ENABLE_USER_SCRIPT_SANDBOXING = YES;
				GCC_C_LANGUAGE_STANDARD = gnu17;
				GCC_DYNAMIC_NO_PIC = NO;
				GCC_NO_COMMON_BLOCKS = YES;
				GCC_OPTIMIZATION_LEVEL = 0;
				GCC_PREPROCESSOR_DEFINITIONS = (
					"DEBUG=1",
					"$(inherited)",
				);
				GCC_WARN_64_TO_32_BIT_CONVERSION = YES;
				GCC_WARN_ABOUT_RETURN_TYPE = YES_ERROR;
				GCC_WARN_UNDECLARED_SELECTOR = YES;
				GCC_WARN_UNINITIALIZED_AUTOS = YES_AGGRESSIVE;
				GCC_WARN_UNUSED_FUNCTION = YES;
				GCC_WARN_UNUSED_VARIABLE = YES;
				IPHONEOS_DEPLOYMENT_TARGET = 17.2;
				LOCALIZATION_PREFERS_STRING_CATALOGS = YES;
				MTL_ENABLE_DEBUG_INFO = INCLUDE_SOURCE;
				MTL_FAST_MATH = YES;
				ONLY_ACTIVE_ARCH = YES;
				SDKROOT = iphoneos;
				SWIFT_ACTIVE_COMPILATION_CONDITIONS = "DEBUG $(inherited)";
				SWIFT_OPTIMIZATION_LEVEL = "-Onone";
			};
			name = Debug;
		};
		C2A2A2622B6A2C61009F5DB6 /* Release */ = {
			isa = XCBuildConfiguration;
			buildSettings = {
				ALWAYS_SEARCH_USER_PATHS = NO;
				ASSETCATALOG_COMPILER_GENERATE_SWIFT_ASSET_SYMBOL_EXTENSIONS = YES;
				CLANG_ANALYZER_NONNULL = YES;
				CLANG_ANALYZER_NUMBER_OBJECT_CONVERSION = YES_AGGRESSIVE;
				CLANG_CXX_LANGUAGE_STANDARD = "gnu++20";
				CLANG_ENABLE_MODULES = YES;
				CLANG_ENABLE_OBJC_ARC = YES;
				CLANG_ENABLE_OBJC_WEAK = YES;
				CLANG_WARN_BLOCK_CAPTURE_AUTORELEASING = YES;
				CLANG_WARN_BOOL_CONVERSION = YES;
				CLANG_WARN_COMMA = YES;
				CLANG_WARN_CONSTANT_CONVERSION = YES;
				CLANG_WARN_DEPRECATED_OBJC_IMPLEMENTATIONS = YES;
				CLANG_WARN_DIRECT_OBJC_ISA_USAGE = YES_ERROR;
				CLANG_WARN_DOCUMENTATION_COMMENTS = YES;
				CLANG_WARN_EMPTY_BODY = YES;
				CLANG_WARN_ENUM_CONVERSION = YES;
				CLANG_WARN_INFINITE_RECURSION = YES;
				CLANG_WARN_INT_CONVERSION = YES;
				CLANG_WARN_NON_LITERAL_NULL_CONVERSION = YES;
				CLANG_WARN_OBJC_IMPLICIT_RETAIN_SELF = YES;
				CLANG_WARN_OBJC_LITERAL_CONVERSION = YES;
				CLANG_WARN_OBJC_ROOT_CLASS = YES_ERROR;
				CLANG_WARN_QUOTED_INCLUDE_IN_FRAMEWORK_HEADER = YES;
				CLANG_WARN_RANGE_LOOP_ANALYSIS = YES;
				CLANG_WARN_STRICT_PROTOTYPES = YES;
				CLANG_WARN_SUSPICIOUS_MOVE = YES;
				CLANG_WARN_UNGUARDED_AVAILABILITY = YES_AGGRESSIVE;
				CLANG_WARN_UNREACHABLE_CODE = YES;
				CLANG_WARN__DUPLICATE_METHOD_MATCH = YES;
				COPY_PHASE_STRIP = NO;
				DEBUG_INFORMATION_FORMAT = "dwarf-with-dsym";
				ENABLE_NS_ASSERTIONS = NO;
				ENABLE_STRICT_OBJC_MSGSEND = YES;
				ENABLE_USER_SCRIPT_SANDBOXING = YES;
				GCC_C_LANGUAGE_STANDARD = gnu17;
				GCC_NO_COMMON_BLOCKS = YES;
				GCC_WARN_64_TO_32_BIT_CONVERSION = YES;
				GCC_WARN_ABOUT_RETURN_TYPE = YES_ERROR;
				GCC_WARN_UNDECLARED_SELECTOR = YES;
				GCC_WARN_UNINITIALIZED_AUTOS = YES_AGGRESSIVE;
				GCC_WARN_UNUSED_FUNCTION = YES;
				GCC_WARN_UNUSED_VARIABLE = YES;
				IPHONEOS_DEPLOYMENT_TARGET = 17.2;
				LOCALIZATION_PREFERS_STRING_CATALOGS = YES;
				MTL_ENABLE_DEBUG_INFO = NO;
				MTL_FAST_MATH = YES;
				SDKROOT = iphoneos;
				SWIFT_COMPILATION_MODE = wholemodule;
				VALIDATE_PRODUCT = YES;
			};
			name = Release;
		};
		C2A2A2642B6A2C61009F5DB6 /* Debug */ = {
			isa = XCBuildConfiguration;
			buildSettings = {
				ASSETCATALOG_COMPILER_APPICON_NAME = AppIcon;
				ASSETCATALOG_COMPILER_GLOBAL_ACCENT_COLOR_NAME = AccentColor;
				CODE_SIGN_STYLE = Automatic;
				CURRENT_PROJECT_VERSION = 1;
				GENERATE_INFOPLIST_FILE = YES;
				INFOPLIST_FILE = DataPassingInCleanSwift/Info.plist;
				INFOPLIST_KEY_UIApplicationSupportsIndirectInputEvents = YES;
				INFOPLIST_KEY_UILaunchStoryboardName = LaunchScreen;
				INFOPLIST_KEY_UIMainStoryboardFile = Main;
				INFOPLIST_KEY_UISupportedInterfaceOrientations_iPad = "UIInterfaceOrientationPortrait UIInterfaceOrientationPortraitUpsideDown UIInterfaceOrientationLandscapeLeft UIInterfaceOrientationLandscapeRight";
				INFOPLIST_KEY_UISupportedInterfaceOrientations_iPhone = "UIInterfaceOrientationPortrait UIInterfaceOrientationLandscapeLeft UIInterfaceOrientationLandscapeRight";
				LD_RUNPATH_SEARCH_PATHS = (
					"$(inherited)",
					"@executable_path/Frameworks",
				);
				MARKETING_VERSION = 1.0;
				PRODUCT_BUNDLE_IDENTIFIER = com.vf.shared.DataPassingInCleanSwift;
				PRODUCT_NAME = "$(TARGET_NAME)";
				SWIFT_EMIT_LOC_STRINGS = YES;
				SWIFT_VERSION = 5.0;
				TARGETED_DEVICE_FAMILY = "1,2";
			};
			name = Debug;
		};
		C2A2A2652B6A2C61009F5DB6 /* Release */ = {
			isa = XCBuildConfiguration;
			buildSettings = {
				ASSETCATALOG_COMPILER_APPICON_NAME = AppIcon;
				ASSETCATALOG_COMPILER_GLOBAL_ACCENT_COLOR_NAME = AccentColor;
				CODE_SIGN_STYLE = Automatic;
				CURRENT_PROJECT_VERSION = 1;
				GENERATE_INFOPLIST_FILE = YES;
				INFOPLIST_FILE = DataPassingInCleanSwift/Info.plist;
				INFOPLIST_KEY_UIApplicationSupportsIndirectInputEvents = YES;
				INFOPLIST_KEY_UILaunchStoryboardName = LaunchScreen;
				INFOPLIST_KEY_UIMainStoryboardFile = Main;
				INFOPLIST_KEY_UISupportedInterfaceOrientations_iPad = "UIInterfaceOrientationPortrait UIInterfaceOrientationPortraitUpsideDown UIInterfaceOrientationLandscapeLeft UIInterfaceOrientationLandscapeRight";
				INFOPLIST_KEY_UISupportedInterfaceOrientations_iPhone = "UIInterfaceOrientationPortrait UIInterfaceOrientationLandscapeLeft UIInterfaceOrientationLandscapeRight";
				LD_RUNPATH_SEARCH_PATHS = (
					"$(inherited)",
					"@executable_path/Frameworks",
				);
				MARKETING_VERSION = 1.0;
				PRODUCT_BUNDLE_IDENTIFIER = com.vf.shared.DataPassingInCleanSwift;
				PRODUCT_NAME = "$(TARGET_NAME)";
				SWIFT_EMIT_LOC_STRINGS = YES;
				SWIFT_VERSION = 5.0;
				TARGETED_DEVICE_FAMILY = "1,2";
			};
			name = Release;
		};
		C2A2A2672B6A2C61009F5DB6 /* Debug */ = {
			isa = XCBuildConfiguration;
			buildSettings = {
				ALWAYS_EMBED_SWIFT_STANDARD_LIBRARIES = YES;
				BUNDLE_LOADER = "$(TEST_HOST)";
				CODE_SIGN_STYLE = Automatic;
				CURRENT_PROJECT_VERSION = 1;
				GENERATE_INFOPLIST_FILE = YES;
				IPHONEOS_DEPLOYMENT_TARGET = 17.2;
				MARKETING_VERSION = 1.0;
				PRODUCT_BUNDLE_IDENTIFIER = com.vf.shared.DataPassingInCleanSwiftTests;
				PRODUCT_NAME = "$(TARGET_NAME)";
				SWIFT_EMIT_LOC_STRINGS = NO;
				SWIFT_VERSION = 5.0;
				TARGETED_DEVICE_FAMILY = "1,2";
				TEST_HOST = "$(BUILT_PRODUCTS_DIR)/DataPassingInCleanSwift.app/$(BUNDLE_EXECUTABLE_FOLDER_PATH)/DataPassingInCleanSwift";
			};
			name = Debug;
		};
		C2A2A2682B6A2C61009F5DB6 /* Release */ = {
			isa = XCBuildConfiguration;
			buildSettings = {
				ALWAYS_EMBED_SWIFT_STANDARD_LIBRARIES = YES;
				BUNDLE_LOADER = "$(TEST_HOST)";
				CODE_SIGN_STYLE = Automatic;
				CURRENT_PROJECT_VERSION = 1;
				GENERATE_INFOPLIST_FILE = YES;
				IPHONEOS_DEPLOYMENT_TARGET = 17.2;
				MARKETING_VERSION = 1.0;
				PRODUCT_BUNDLE_IDENTIFIER = com.vf.shared.DataPassingInCleanSwiftTests;
				PRODUCT_NAME = "$(TARGET_NAME)";
				SWIFT_EMIT_LOC_STRINGS = NO;
				SWIFT_VERSION = 5.0;
				TARGETED_DEVICE_FAMILY = "1,2";
				TEST_HOST = "$(BUILT_PRODUCTS_DIR)/DataPassingInCleanSwift.app/$(BUNDLE_EXECUTABLE_FOLDER_PATH)/DataPassingInCleanSwift";
			};
			name = Release;
		};
		C2A2A26A2B6A2C61009F5DB6 /* Debug */ = {
			isa = XCBuildConfiguration;
			buildSettings = {
				ALWAYS_EMBED_SWIFT_STANDARD_LIBRARIES = YES;
				CODE_SIGN_STYLE = Automatic;
				CURRENT_PROJECT_VERSION = 1;
				GENERATE_INFOPLIST_FILE = YES;
				MARKETING_VERSION = 1.0;
				PRODUCT_BUNDLE_IDENTIFIER = com.vf.shared.DataPassingInCleanSwiftUITests;
				PRODUCT_NAME = "$(TARGET_NAME)";
				SWIFT_EMIT_LOC_STRINGS = NO;
				SWIFT_VERSION = 5.0;
				TARGETED_DEVICE_FAMILY = "1,2";
				TEST_TARGET_NAME = DataPassingInCleanSwift;
			};
			name = Debug;
		};
		C2A2A26B2B6A2C61009F5DB6 /* Release */ = {
			isa = XCBuildConfiguration;
			buildSettings = {
				ALWAYS_EMBED_SWIFT_STANDARD_LIBRARIES = YES;
				CODE_SIGN_STYLE = Automatic;
				CURRENT_PROJECT_VERSION = 1;
				GENERATE_INFOPLIST_FILE = YES;
				MARKETING_VERSION = 1.0;
				PRODUCT_BUNDLE_IDENTIFIER = com.vf.shared.DataPassingInCleanSwiftUITests;
				PRODUCT_NAME = "$(TARGET_NAME)";
				SWIFT_EMIT_LOC_STRINGS = NO;
				SWIFT_VERSION = 5.0;
				TARGETED_DEVICE_FAMILY = "1,2";
				TEST_TARGET_NAME = DataPassingInCleanSwift;
			};
			name = Release;
		};
/* End XCBuildConfiguration section */

/* Begin XCConfigurationList section */
		C2A2A2342B6A2C5C009F5DB6 /* Build configuration list for PBXProject "DataPassingInCleanSwift" */ = {
			isa = XCConfigurationList;
			buildConfigurations = (
				C2A2A2612B6A2C61009F5DB6 /* Debug */,
				C2A2A2622B6A2C61009F5DB6 /* Release */,
			);
			defaultConfigurationIsVisible = 0;
			defaultConfigurationName = Release;
		};
		C2A2A2632B6A2C61009F5DB6 /* Build configuration list for PBXNativeTarget "DataPassingInCleanSwift" */ = {
			isa = XCConfigurationList;
			buildConfigurations = (
				C2A2A2642B6A2C61009F5DB6 /* Debug */,
				C2A2A2652B6A2C61009F5DB6 /* Release */,
			);
			defaultConfigurationIsVisible = 0;
			defaultConfigurationName = Release;
		};
		C2A2A2662B6A2C61009F5DB6 /* Build configuration list for PBXNativeTarget "DataPassingInCleanSwiftTests" */ = {
			isa = XCConfigurationList;
			buildConfigurations = (
				C2A2A2672B6A2C61009F5DB6 /* Debug */,
				C2A2A2682B6A2C61009F5DB6 /* Release */,
			);
			defaultConfigurationIsVisible = 0;
			defaultConfigurationName = Release;
		};
		C2A2A2692B6A2C61009F5DB6 /* Build configuration list for PBXNativeTarget "DataPassingInCleanSwiftUITests" */ = {
			isa = XCConfigurationList;
			buildConfigurations = (
				C2A2A26A2B6A2C61009F5DB6 /* Debug */,
				C2A2A26B2B6A2C61009F5DB6 /* Release */,
			);
			defaultConfigurationIsVisible = 0;
			defaultConfigurationName = Release;
		};
/* End XCConfigurationList section */
	};
	rootObject = C2A2A2312B6A2C5C009F5DB6 /* Project object */;
}
